<?xml version="1.0" encoding="utf-8"?>
<Project ToolsVersion="4.0" xmlns="http://schemas.microsoft.com/developer/msbuild/2003">
  <ItemGroup>
    <Filter Include="Source Files">
      <UniqueIdentifier>{4FC737F1-C7A5-4376-A066-2A32D752A2FF}</UniqueIdentifier>
      <Extensions>cpp;c;cc;cxx;def;odl;idl;hpj;bat;asm;asmx</Extensions>
    </Filter>
    <Filter Include="Header Files">
      <UniqueIdentifier>{93995380-89BD-4b04-88EB-625FBE52EBFB}</UniqueIdentifier>
      <Extensions>h;hh;hpp;hxx;hm;inl;inc;xsd</Extensions>
    </Filter>
    <Filter Include="Resource Files">
      <UniqueIdentifier>{67DA6AB6-F800-4c08-8B7A-83BB121AAD01}</UniqueIdentifier>
      <Extensions>rc;ico;cur;bmp;dlg;rc2;rct;bin;rgs;gif;jpg;jpeg;jpe;resx;tiff;tif;png;wav;mfcribbon-ms</Extensions>
    </Filter>
    <Filter Include="Header Files\data">
      <UniqueIdentifier>{d998aa04-30d0-43a7-81d4-c5c5067fb1ef}</UniqueIdentifier>
    </Filter>
    <Filter Include="Header Files\internal">
      <UniqueIdentifier>{e0b2213c-a9ef-4d54-aeb9-1d74ab2d0e39}</UniqueIdentifier>
    </Filter>
    <Filter Include="Source Files\data">
      <UniqueIdentifier>{7848c054-ccc9-4081-9602-7f0c61efc060}</UniqueIdentifier>
    </Filter>
  </ItemGroup>
  <ItemGroup>
    <ClInclude Include="..\include\vcc\buffer.h">
      <Filter>Header Files</Filter>
    </ClInclude>
    <ClInclude Include="..\include\vcc\buffer_view.h">
      <Filter>Header Files</Filter>
    </ClInclude>
    <ClInclude Include="..\include\vcc\command_buffer.h">
      <Filter>Header Files</Filter>
    </ClInclude>
    <ClInclude Include="..\include\vcc\command_pool.h">
      <Filter>Header Files</Filter>
    </ClInclude>
    <ClInclude Include="..\include\vcc\debug.h">
      <Filter>Header Files</Filter>
    </ClInclude>
    <ClInclude Include="..\include\vcc\descriptor_pool.h">
      <Filter>Header Files</Filter>
    </ClInclude>
    <ClInclude Include="..\include\vcc\descriptor_set.h">
      <Filter>Header Files</Filter>
    </ClInclude>
    <ClInclude Include="..\include\vcc\descriptor_set_layout.h">
      <Filter>Header Files</Filter>
    </ClInclude>
    <ClInclude Include="..\include\vcc\device.h">
      <Filter>Header Files</Filter>
    </ClInclude>
    <ClInclude Include="..\include\vcc\enumerate.h">
      <Filter>Header Files</Filter>
    </ClInclude>
    <ClInclude Include="..\include\vcc\event.h">
      <Filter>Header Files</Filter>
    </ClInclude>
    <ClInclude Include="..\include\vcc\fence.h">
      <Filter>Header Files</Filter>
    </ClInclude>
    <ClInclude Include="..\include\vcc\framebuffer.h">
      <Filter>Header Files</Filter>
    </ClInclude>
    <ClInclude Include="..\include\vcc\image.h">
      <Filter>Header Files</Filter>
    </ClInclude>
    <ClInclude Include="..\include\vcc\image_view.h">
      <Filter>Header Files</Filter>
    </ClInclude>
    <ClInclude Include="..\include\vcc\instance.h">
      <Filter>Header Files</Filter>
    </ClInclude>
    <ClInclude Include="..\include\vcc\keycode.h">
      <Filter>Header Files</Filter>
    </ClInclude>
    <ClInclude Include="..\include\vcc\memory.h">
      <Filter>Header Files</Filter>
    </ClInclude>
    <ClInclude Include="..\include\vcc\physical_device.h">
      <Filter>Header Files</Filter>
    </ClInclude>
    <ClInclude Include="..\include\vcc\pipeline.h">
      <Filter>Header Files</Filter>
    </ClInclude>
    <ClInclude Include="..\include\vcc\pipeline_cache.h">
      <Filter>Header Files</Filter>
    </ClInclude>
    <ClInclude Include="..\include\vcc\pipeline_layout.h">
      <Filter>Header Files</Filter>
    </ClInclude>
    <ClInclude Include="..\include\vcc\push_constant.h">
      <Filter>Header Files</Filter>
    </ClInclude>
    <ClInclude Include="..\include\vcc\query_pool.h">
      <Filter>Header Files</Filter>
    </ClInclude>
    <ClInclude Include="..\include\vcc\queue.h">
      <Filter>Header Files</Filter>
    </ClInclude>
    <ClInclude Include="..\include\vcc\render_pass.h">
      <Filter>Header Files</Filter>
    </ClInclude>
    <ClInclude Include="..\include\vcc\sampler.h">
      <Filter>Header Files</Filter>
    </ClInclude>
    <ClInclude Include="..\include\vcc\semaphore.h">
      <Filter>Header Files</Filter>
    </ClInclude>
    <ClInclude Include="..\include\vcc\shader_module.h">
      <Filter>Header Files</Filter>
    </ClInclude>
    <ClInclude Include="..\include\vcc\surface.h">
      <Filter>Header Files</Filter>
    </ClInclude>
    <ClInclude Include="..\include\vcc\swapchain.h">
      <Filter>Header Files</Filter>
    </ClInclude>
    <ClInclude Include="..\include\vcc\util.h">
      <Filter>Header Files</Filter>
    </ClInclude>
    <ClInclude Include="..\include\vcc\window.h">
      <Filter>Header Files</Filter>
    </ClInclude>
    <ClInclude Include="..\include\vcc\data\buffer.h">
      <Filter>Header Files\data</Filter>
    </ClInclude>
    <ClInclude Include="..\include\vcc\internal\raii.h">
      <Filter>Header Files\internal</Filter>
    </ClInclude>
    <ClInclude Include="..\include\vcc\internal\hook.h">
      <Filter>Header Files\internal</Filter>
    </ClInclude>
    <ClInclude Include="..\include\vcc\command.h">
      <Filter>Header Files</Filter>
    </ClInclude>
  </ItemGroup>
  <ItemGroup>
    <ClCompile Include="..\src\buffer.cpp">
      <Filter>Source Files</Filter>
    </ClCompile>
    <ClCompile Include="..\src\buffer_view.cpp">
      <Filter>Source Files</Filter>
    </ClCompile>
    <ClCompile Include="..\src\command_buffer.cpp">
      <Filter>Source Files</Filter>
    </ClCompile>
    <ClCompile Include="..\src\command_pool.cpp">
      <Filter>Source Files</Filter>
    </ClCompile>
    <ClCompile Include="..\src\debug.cpp">
      <Filter>Source Files</Filter>
    </ClCompile>
    <ClCompile Include="..\src\descriptor_pool.cpp">
      <Filter>Source Files</Filter>
    </ClCompile>
    <ClCompile Include="..\src\descriptor_set.cpp">
      <Filter>Source Files</Filter>
    </ClCompile>
    <ClCompile Include="..\src\descriptor_set_layout.cpp">
      <Filter>Source Files</Filter>
    </ClCompile>
    <ClCompile Include="..\src\device.cpp">
      <Filter>Source Files</Filter>
    </ClCompile>
    <ClCompile Include="..\src\enumerate.cpp">
      <Filter>Source Files</Filter>
    </ClCompile>
    <ClCompile Include="..\src\event.cpp">
      <Filter>Source Files</Filter>
    </ClCompile>
    <ClCompile Include="..\src\fence.cpp">
      <Filter>Source Files</Filter>
    </ClCompile>
    <ClCompile Include="..\src\framebuffer.cpp">
      <Filter>Source Files</Filter>
    </ClCompile>
    <ClCompile Include="..\src\image.cpp">
      <Filter>Source Files</Filter>
    </ClCompile>
    <ClCompile Include="..\src\image_view.cpp">
      <Filter>Source Files</Filter>
    </ClCompile>
    <ClCompile Include="..\src\instance.cpp">
      <Filter>Source Files</Filter>
    </ClCompile>
    <ClCompile Include="..\src\main.cpp">
      <Filter>Source Files</Filter>
    </ClCompile>
    <ClCompile Include="..\src\memory.cpp">
      <Filter>Source Files</Filter>
    </ClCompile>
    <ClCompile Include="..\src\physical_device.cpp">
      <Filter>Source Files</Filter>
    </ClCompile>
    <ClCompile Include="..\src\pipeline.cpp">
      <Filter>Source Files</Filter>
    </ClCompile>
    <ClCompile Include="..\src\pipeline_cache.cpp">
      <Filter>Source Files</Filter>
    </ClCompile>
    <ClCompile Include="..\src\pipeline_layout.cpp">
      <Filter>Source Files</Filter>
    </ClCompile>
    <ClCompile Include="..\src\push_constants.cpp">
      <Filter>Source Files</Filter>
    </ClCompile>
    <ClCompile Include="..\src\queue.cpp">
      <Filter>Source Files</Filter>
    </ClCompile>
    <ClCompile Include="..\src\render_pass.cpp">
      <Filter>Source Files</Filter>
    </ClCompile>
    <ClCompile Include="..\src\sampler.cpp">
      <Filter>Source Files</Filter>
    </ClCompile>
    <ClCompile Include="..\src\semaphore.cpp">
      <Filter>Source Files</Filter>
    </ClCompile>
    <ClCompile Include="..\src\shader_module.cpp">
      <Filter>Source Files</Filter>
    </ClCompile>
    <ClCompile Include="..\src\surface.cpp">
      <Filter>Source Files</Filter>
    </ClCompile>
    <ClCompile Include="..\src\swapchain.cpp">
      <Filter>Source Files</Filter>
    </ClCompile>
    <ClCompile Include="..\src\util.cpp">
      <Filter>Source Files</Filter>
    </ClCompile>
    <ClCompile Include="..\src\window.cpp">
      <Filter>Source Files</Filter>
    </ClCompile>
    <ClCompile Include="..\src\data\data_buffer.cpp">
      <Filter>Source Files\data</Filter>
    </ClCompile>
    <ClCompile Include="..\src\command.cpp">
      <Filter>Source Files</Filter>
    </ClCompile>
  </ItemGroup>
</Project>