<?xml version="1.0" encoding="utf-8"?>
<Project ToolsVersion="4.0" xmlns="http://schemas.microsoft.com/developer/msbuild/2003">
  <ItemGroup>
    <Filter Include="Source Files">
      <UniqueIdentifier>{4FC737F1-C7A5-4376-A066-2A32D752A2FF}</UniqueIdentifier>
      <Extensions>cpp;c;cc;cxx;def;odl;idl;hpj;bat;asm;asmx</Extensions>
    </Filter>
    <Filter Include="Header Files">
      <UniqueIdentifier>{93995380-89BD-4b04-88EB-625FBE52EBFB}</UniqueIdentifier>
      <Extensions>h;hh;hpp;hxx;hm;inl;inc;xsd</Extensions>
    </Filter>
    <Filter Include="Resource Files">
      <UniqueIdentifier>{67DA6AB6-F800-4c08-8B7A-83BB121AAD01}</UniqueIdentifier>
      <Extensions>rc;ico;cur;bmp;dlg;rc2;rct;bin;rgs;gif;jpg;jpeg;jpe;resx;tiff;tif;png;wav;mfcribbon-ms</Extensions>
    </Filter>
    <Filter Include="Header Files\reflection">
      <UniqueIdentifier>{aefe3694-af17-4678-9955-1c3b1efa1666}</UniqueIdentifier>
    </Filter>
    <Filter Include="Header Files\reflection\internal">
      <UniqueIdentifier>{6e6cd7d8-12ae-4762-8b62-8f0f6f1e1e04}</UniqueIdentifier>
    </Filter>
  </ItemGroup>
  <ItemGroup>
    <ClCompile Include="..\src\analyzer.cpp">
      <Filter>Source Files</Filter>
    </ClCompile>
  </ItemGroup>
  <ItemGroup>
    <ClInclude Include="..\include\reflection\internal\argument_parser.h">
      <Filter>Header Files\reflection\internal</Filter>
    </ClInclude>
    <ClInclude Include="..\include\reflection\internal\intermediate_types.h">
      <Filter>Header Files\reflection\internal</Filter>
    </ClInclude>
    <ClInclude Include="..\include\reflection\analyzer.h">
      <Filter>Header Files\reflection</Filter>
    </ClInclude>
    <ClInclude Include="..\include\reflection\types.h">
      <Filter>Header Files\reflection</Filter>
    </ClInclude>
    <ClInclude Include="..\include\reflection\internal\includes.h">
      <Filter>Header Files\reflection\internal</Filter>
    </ClInclude>
  </ItemGroup>
</Project>